
Microsoft Visual Studio Solution File, Format Version 12.00
# Visual Studio Version 17
VisualStudioVersion = 17.7.34202.233
MinimumVisualStudioVersion = 10.0.40219.1
Project("{6EC3EE1D-3C4E-46DD-8F32-0CC8E7565705}") = "AdventOfCode23", "AOC23\AdventOfCode23.fsproj", "{5862D937-A921-42C8-B0D9-E4F769AC6E23}"
EndProject
Project("{6EC3EE1D-3C4E-46DD-8F32-0CC8E7565705}") = "AdventOfCode24", "AOC24\AdventOfCode24.fsproj", "{FE83208E-D938-418E-8B65-C86C64E18636}"
EndProject
Global
	GlobalSection(SolutionConfigurationPlatforms) = preSolution
		Debug|Any CPU = Debug|Any CPU
		Release|Any CPU = Release|Any CPU
	EndGlobalSection
	GlobalSection(ProjectConfigurationPlatforms) = postSolution
		{5862D937-A921-42C8-B0D9-E4F769AC6E23}.Debug|Any CPU.ActiveCfg = Debug|Any CPU
		{5862D937-A921-42C8-B0D9-E4F769AC6E23}.Debug|Any CPU.Build.0 = Debug|Any CPU
		{5862D937-A921-42C8-B0D9-E4F769AC6E23}.Release|Any CPU.ActiveCfg = Release|Any CPU
		{5862D937-A921-42C8-B0D9-E4F769AC6E23}.Release|Any CPU.Build.0 = Release|Any CPU
		{FE83208E-D938-418E-8B65-C86C64E18636}.Debug|Any CPU.ActiveCfg = Debug|Any CPU
		{FE83208E-D938-418E-8B65-C86C64E18636}.Debug|Any CPU.Build.0 = Debug|Any CPU
		{FE83208E-D938-418E-8B65-C86C64E18636}.Release|Any CPU.ActiveCfg = Release|Any CPU
		{FE83208E-D938-418E-8B65-C86C64E18636}.Release|Any CPU.Build.0 = Release|Any CPU
	EndGlobalSection
	GlobalSection(SolutionProperties) = preSolution
		HideSolutionNode = FALSE
	EndGlobalSection
	GlobalSection(ExtensibilityGlobals) = postSolution
		SolutionGuid = {78DE54BF-737F-47CC-909D-9F59BBD59D9E}
	EndGlobalSection
EndGlobal
